
Microsoft Visual Studio Solution File, Format Version 12.00
# Visual Studio Version 17
VisualStudioVersion = 17.4.33213.308
MinimumVisualStudioVersion = 10.0.40219.1
Project("{9A19103F-16F7-4668-BE54-9A1E7A4F7556}") = "CarsAPI", "CarsAPI\CarsAPI.csproj", "{CA02E872-7BA1-4FDE-B653-7EA0D8538112}"
EndProject
Project("{2150E333-8FDC-42A3-9474-1A3956D46DE8}") = "APIs", "APIs", "{A9BC85ED-E77E-4E2F-9C45-DB35E592D296}"
EndProject
Project("{FAE04EC0-301F-11D3-BF4B-00C04F79EFBC}") = "RentAPIs", "RentAPIs\RentAPIs.csproj", "{B57EB90D-3382-4D7B-B464-F191949E694B}"
EndProject
Global
	GlobalSection(SolutionConfigurationPlatforms) = preSolution
		Debug|Any CPU = Debug|Any CPU
		Release|Any CPU = Release|Any CPU
	EndGlobalSection
	GlobalSection(ProjectConfigurationPlatforms) = postSolution
		{CA02E872-7BA1-4FDE-B653-7EA0D8538112}.Debug|Any CPU.ActiveCfg = Debug|Any CPU
		{CA02E872-7BA1-4FDE-B653-7EA0D8538112}.Debug|Any CPU.Build.0 = Debug|Any CPU
		{CA02E872-7BA1-4FDE-B653-7EA0D8538112}.Release|Any CPU.ActiveCfg = Release|Any CPU
		{CA02E872-7BA1-4FDE-B653-7EA0D8538112}.Release|Any CPU.Build.0 = Release|Any CPU
		{B57EB90D-3382-4D7B-B464-F191949E694B}.Debug|Any CPU.ActiveCfg = Debug|Any CPU
		{B57EB90D-3382-4D7B-B464-F191949E694B}.Debug|Any CPU.Build.0 = Debug|Any CPU
		{B57EB90D-3382-4D7B-B464-F191949E694B}.Release|Any CPU.ActiveCfg = Release|Any CPU
		{B57EB90D-3382-4D7B-B464-F191949E694B}.Release|Any CPU.Build.0 = Release|Any CPU
	EndGlobalSection
	GlobalSection(SolutionProperties) = preSolution
		HideSolutionNode = FALSE
	EndGlobalSection
	GlobalSection(NestedProjects) = preSolution
		{CA02E872-7BA1-4FDE-B653-7EA0D8538112} = {A9BC85ED-E77E-4E2F-9C45-DB35E592D296}
		{B57EB90D-3382-4D7B-B464-F191949E694B} = {A9BC85ED-E77E-4E2F-9C45-DB35E592D296}
	EndGlobalSection
	GlobalSection(ExtensibilityGlobals) = postSolution
		SolutionGuid = {5036AF41-150C-4369-8222-77E25430C23E}
	EndGlobalSection
EndGlobal
